{
  "object": {
    "pins": [
      {
        "package": "OAuthSwift",
        "repositoryURL": "https://github.com/swift-tweets/OAuthSwift.git",
        "state": {
          "branch": null,
          "revision": "2489c960e177e9413e52dabcedaa36e5f0705fd1",
          "version": "2.0.0-beta"
        }
      }
    ]
  },
  "version": 1
}
