{
  "object": {
    "pins": [
      {
        "package": "OAuthSwift",
        "repositoryURL": "https://github.com/OAuthSwift/OAuthSwift.git",
        "state": {
          "branch": "master",
          "revision": "d072ae904e384ae5dd07fa44d6b91ec8b61048a0",
          "version": null
        }
      },
      {
        "package": "PromiseK",
        "repositoryURL": "https://github.com/koher/PromiseK.git",
        "state": {
          "branch": null,
          "revision": "72bea2c8972de99ec321dee613f255a531f38799",
          "version": "3.1.0"
        }
      }
    ]
  },
  "version": 1
}
