{
  "object": {
    "pins": [
      {
        "package": "OAuthSwift",
        "repositoryURL": "https://github.com/OAuthSwift/OAuthSwift.git",
        "state": {
          "branch": "master",
          "revision": "da1e4ca42093096ffab45d03ac7f63dc9b192fcf",
          "version": null
        }
      },
      {
        "package": "PromiseK",
        "repositoryURL": "https://github.com/koher/PromiseK.git",
        "state": {
          "branch": null,
          "revision": "8c339c6a27b5b834dec65a66e790d736c3739c9a",
          "version": "3.0.0-alpha.4"
        }
      }
    ]
  },
  "version": 1
}
